// !$*UTF8*$!
{
	archiveVersion = 1;
	classes = {
	};
	objectVersion = 46;
	objects = {

/* Begin PBXBuildFile section */
		8A2DD310FAE15F6C0FDE9050 /* Pods.framework in Frameworks */ = {isa = PBXBuildFile; fileRef = 0F9CA4E857BDA8EC7FF289A8 /* Pods.framework */; };
		DD3642611BE12B9D00459853 /* EditSpotViewController.swift in Sources */ = {isa = PBXBuildFile; fileRef = DD3642601BE12B9D00459853 /* EditSpotViewController.swift */; };
		DD3642631BE12BA800459853 /* AddImageCameraViewController.swift in Sources */ = {isa = PBXBuildFile; fileRef = DD3642621BE12BA800459853 /* AddImageCameraViewController.swift */; };
		DD484AC51BD5F9F400CC9317 /* AppDelegate.swift in Sources */ = {isa = PBXBuildFile; fileRef = DD484AC41BD5F9F400CC9317 /* AppDelegate.swift */; };
		DD484AC71BD5F9F400CC9317 /* ViewController.swift in Sources */ = {isa = PBXBuildFile; fileRef = DD484AC61BD5F9F400CC9317 /* ViewController.swift */; };
		DD484ACC1BD5F9F400CC9317 /* Assets.xcassets in Resources */ = {isa = PBXBuildFile; fileRef = DD484ACB1BD5F9F400CC9317 /* Assets.xcassets */; };
		DD484ACF1BD5F9F400CC9317 /* LaunchScreen.storyboard in Resources */ = {isa = PBXBuildFile; fileRef = DD484ACD1BD5F9F400CC9317 /* LaunchScreen.storyboard */; };
		DD484ADA1BD5F9F400CC9317 /* SnapSpotsTests.swift in Sources */ = {isa = PBXBuildFile; fileRef = DD484AD91BD5F9F400CC9317 /* SnapSpotsTests.swift */; };
		DD484AE51BD5F9F400CC9317 /* SnapSpotsUITests.swift in Sources */ = {isa = PBXBuildFile; fileRef = DD484AE41BD5F9F400CC9317 /* SnapSpotsUITests.swift */; };
		DD484B0B1BD5FDEC00CC9317 /* CoreLocation.framework in Frameworks */ = {isa = PBXBuildFile; fileRef = DD484B0A1BD5FDEC00CC9317 /* CoreLocation.framework */; };
		DD484B0D1BD5FDF200CC9317 /* AVFoundation.framework in Frameworks */ = {isa = PBXBuildFile; fileRef = DD484B0C1BD5FDF200CC9317 /* AVFoundation.framework */; };
		DD484B0F1BD5FF4100CC9317 /* CoreLocationController.swift in Sources */ = {isa = PBXBuildFile; fileRef = DD484B0E1BD5FF4100CC9317 /* CoreLocationController.swift */; };
		DD484B131BD5FF5300CC9317 /* ImageTransformationUtil.swift in Sources */ = {isa = PBXBuildFile; fileRef = DD484B101BD5FF5300CC9317 /* ImageTransformationUtil.swift */; };
		DD484B141BD5FF5300CC9317 /* LocationUtil.swift in Sources */ = {isa = PBXBuildFile; fileRef = DD484B111BD5FF5300CC9317 /* LocationUtil.swift */; };
		DD484B151BD5FF5300CC9317 /* EditSpotUtil.swift in Sources */ = {isa = PBXBuildFile; fileRef = DD484B121BD5FF5300CC9317 /* EditSpotUtil.swift */; };
		DD484B181BD5FF5A00CC9317 /* SpotComponents.swift in Sources */ = {isa = PBXBuildFile; fileRef = DD484B161BD5FF5A00CC9317 /* SpotComponents.swift */; };
		DD484B191BD5FF5A00CC9317 /* Globals.swift in Sources */ = {isa = PBXBuildFile; fileRef = DD484B171BD5FF5A00CC9317 /* Globals.swift */; };
		DD484B1C1BD5FF6100CC9317 /* UITextField+Extension.swift in Sources */ = {isa = PBXBuildFile; fileRef = DD484B1A1BD5FF6100CC9317 /* UITextField+Extension.swift */; };
		DD484B1D1BD5FF6100CC9317 /* UIView+Extension.swift in Sources */ = {isa = PBXBuildFile; fileRef = DD484B1B1BD5FF6100CC9317 /* UIView+Extension.swift */; };
		DD484B201BD5FFB000CC9317 /* Main.storyboard in Resources */ = {isa = PBXBuildFile; fileRef = DD484B1E1BD5FFB000CC9317 /* Main.storyboard */; };
		DD484B211BD5FFB000CC9317 /* Settings.storyboard in Resources */ = {isa = PBXBuildFile; fileRef = DD484B1F1BD5FFB000CC9317 /* Settings.storyboard */; };
		DD484B2F1BD6024D00CC9317 /* SignUpViewController.swift in Sources */ = {isa = PBXBuildFile; fileRef = DD484B241BD6024D00CC9317 /* SignUpViewController.swift */; };
		DD484B301BD6024D00CC9317 /* SettingsTableViewController.swift in Sources */ = {isa = PBXBuildFile; fileRef = DD484B251BD6024D00CC9317 /* SettingsTableViewController.swift */; };
		DD484B311BD6024D00CC9317 /* AccountSettingsTableViewController.swift in Sources */ = {isa = PBXBuildFile; fileRef = DD484B261BD6024D00CC9317 /* AccountSettingsTableViewController.swift */; };
		DD484B321BD6024D00CC9317 /* CameraViewController.swift in Sources */ = {isa = PBXBuildFile; fileRef = DD484B271BD6024D00CC9317 /* CameraViewController.swift */; };
		DD484B331BD6024D00CC9317 /* DebugImagesTableViewController.swift in Sources */ = {isa = PBXBuildFile; fileRef = DD484B281BD6024D00CC9317 /* DebugImagesTableViewController.swift */; };
		DD484B341BD6024D00CC9317 /* ListSpotsViewController.swift in Sources */ = {isa = PBXBuildFile; fileRef = DD484B291BD6024D00CC9317 /* ListSpotsViewController.swift */; };
		DD484B351BD6024D00CC9317 /* ListSpotsCollectionViewController.swift in Sources */ = {isa = PBXBuildFile; fileRef = DD484B2A1BD6024D00CC9317 /* ListSpotsCollectionViewController.swift */; };
		DD484B361BD6024D00CC9317 /* ListSpotsTableViewController.swift in Sources */ = {isa = PBXBuildFile; fileRef = DD484B2B1BD6024D00CC9317 /* ListSpotsTableViewController.swift */; };
		DD484B371BD6024D00CC9317 /* ListSpotsMapViewController.swift in Sources */ = {isa = PBXBuildFile; fileRef = DD484B2C1BD6024D00CC9317 /* ListSpotsMapViewController.swift */; };
		DD484B381BD6024D00CC9317 /* ViewSpotViewController.swift in Sources */ = {isa = PBXBuildFile; fileRef = DD484B2D1BD6024D00CC9317 /* ViewSpotViewController.swift */; };
		DD484B391BD6024D00CC9317 /* FilterSpotsTableViewController.swift in Sources */ = {isa = PBXBuildFile; fileRef = DD484B2E1BD6024D00CC9317 /* FilterSpotsTableViewController.swift */; };
		DD484B4C1BD6026200CC9317 /* back@2x.png in Resources */ = {isa = PBXBuildFile; fileRef = DD484B3C1BD6026200CC9317 /* back@2x.png */; };
		DD484B4D1BD6026200CC9317 /* back@3x.png in Resources */ = {isa = PBXBuildFile; fileRef = DD484B3D1BD6026200CC9317 /* back@3x.png */; };
		DD484B4E1BD6026200CC9317 /* cameraroll-picker-grip@2x.png in Resources */ = {isa = PBXBuildFile; fileRef = DD484B3E1BD6026200CC9317 /* cameraroll-picker-grip@2x.png */; };
		DD484B4F1BD6026200CC9317 /* cameraroll-picker-grip@3x.png in Resources */ = {isa = PBXBuildFile; fileRef = DD484B3F1BD6026200CC9317 /* cameraroll-picker-grip@3x.png */; };
		DD484B501BD6026200CC9317 /* straighten-grid@2x.png in Resources */ = {isa = PBXBuildFile; fileRef = DD484B401BD6026200CC9317 /* straighten-grid@2x.png */; };
		DD484B511BD6026200CC9317 /* straighten-grid@3x.png in Resources */ = {isa = PBXBuildFile; fileRef = DD484B411BD6026200CC9317 /* straighten-grid@3x.png */; };
		DD484B521BD6026200CC9317 /* TWImageScrollView.m in Sources */ = {isa = PBXBuildFile; fileRef = DD484B431BD6026200CC9317 /* TWImageScrollView.m */; };
		DD484B531BD6026200CC9317 /* TWPhoto.m in Sources */ = {isa = PBXBuildFile; fileRef = DD484B451BD6026200CC9317 /* TWPhoto.m */; };
		DD484B541BD6026200CC9317 /* TWPhotoCollectionViewCell.m in Sources */ = {isa = PBXBuildFile; fileRef = DD484B471BD6026200CC9317 /* TWPhotoCollectionViewCell.m */; };
		DD484B551BD6026200CC9317 /* TWPhotoLoader.m in Sources */ = {isa = PBXBuildFile; fileRef = DD484B491BD6026200CC9317 /* TWPhotoLoader.m */; };
		DD484B561BD6026200CC9317 /* TWPhotoPickerController.m in Sources */ = {isa = PBXBuildFile; fileRef = DD484B4B1BD6026200CC9317 /* TWPhotoPickerController.m */; };
		DD484B601BD602CA00CC9317 /* LocationSearchCell.swift in Sources */ = {isa = PBXBuildFile; fileRef = DD484B5D1BD602CA00CC9317 /* LocationSearchCell.swift */; };
		DD484B611BD602CA00CC9317 /* GooglePlacesAutocomplete.swift in Sources */ = {isa = PBXBuildFile; fileRef = DD484B5E1BD602CA00CC9317 /* GooglePlacesAutocomplete.swift */; };
		DD484B621BD602CA00CC9317 /* GooglePlacesAutocomplete.xib in Resources */ = {isa = PBXBuildFile; fileRef = DD484B5F1BD602CA00CC9317 /* GooglePlacesAutocomplete.xib */; };
		DD484B6C1BD602F600CC9317 /* ButtonIconRight.swift in Sources */ = {isa = PBXBuildFile; fileRef = DD484B631BD602F600CC9317 /* ButtonIconRight.swift */; };
		DD484B6D1BD602F600CC9317 /* CameraView.swift in Sources */ = {isa = PBXBuildFile; fileRef = DD484B641BD602F600CC9317 /* CameraView.swift */; };
		DD484B6E1BD602F600CC9317 /* CameraView.xib in Resources */ = {isa = PBXBuildFile; fileRef = DD484B651BD602F600CC9317 /* CameraView.xib */; };
		DD484B6F1BD602F600CC9317 /* DebugImagesTableViewCell.swift in Sources */ = {isa = PBXBuildFile; fileRef = DD484B661BD602F600CC9317 /* DebugImagesTableViewCell.swift */; };
		DD484B701BD602F600CC9317 /* ImageScrollView.swift in Sources */ = {isa = PBXBuildFile; fileRef = DD484B671BD602F600CC9317 /* ImageScrollView.swift */; };
		DD484B711BD602F600CC9317 /* SetupViewSpotVC.swift in Sources */ = {isa = PBXBuildFile; fileRef = DD484B681BD602F600CC9317 /* SetupViewSpotVC.swift */; };
		DD484B721BD602F600CC9317 /* SpotCollectionCell.swift in Sources */ = {isa = PBXBuildFile; fileRef = DD484B691BD602F600CC9317 /* SpotCollectionCell.swift */; };
		DD484B731BD602F600CC9317 /* CAPSPageMenu.swift in Sources */ = {isa = PBXBuildFile; fileRef = DD484B6A1BD602F600CC9317 /* CAPSPageMenu.swift */; };
		DD484B741BD602F600CC9317 /* StringAndImageBarButtonItem.swift in Sources */ = {isa = PBXBuildFile; fileRef = DD484B6B1BD602F600CC9317 /* StringAndImageBarButtonItem.swift */; };
		DD484BB61BD74E3200CC9317 /* ImageFileController.swift in Sources */ = {isa = PBXBuildFile; fileRef = DD484BB51BD74E3200CC9317 /* ImageFileController.swift */; };
		DD90BFB01C0073CB006308B0 /* SaveSpotTableViewController.swift in Sources */ = {isa = PBXBuildFile; fileRef = DD90BFAF1C0073CB006308B0 /* SaveSpotTableViewController.swift */; };
		DDCE55D01BF58F76003EE4DB /* LoginTextField.swift in Sources */ = {isa = PBXBuildFile; fileRef = DDCE55CF1BF58F76003EE4DB /* LoginTextField.swift */; };
		DDCE55D21BF5ADA2003EE4DB /* SignInViewController.swift in Sources */ = {isa = PBXBuildFile; fileRef = DDCE55D11BF5ADA2003EE4DB /* SignInViewController.swift */; };
/* End PBXBuildFile section */

/* Begin PBXContainerItemProxy section */
		DD484AD61BD5F9F400CC9317 /* PBXContainerItemProxy */ = {
			isa = PBXContainerItemProxy;
			containerPortal = DD484AB91BD5F9F400CC9317 /* Project object */;
			proxyType = 1;
			remoteGlobalIDString = DD484AC01BD5F9F400CC9317;
			remoteInfo = SnapSpots;
		};
		DD484AE11BD5F9F400CC9317 /* PBXContainerItemProxy */ = {
			isa = PBXContainerItemProxy;
			containerPortal = DD484AB91BD5F9F400CC9317 /* Project object */;
			proxyType = 1;
			remoteGlobalIDString = DD484AC01BD5F9F400CC9317;
			remoteInfo = SnapSpots;
		};
/* End PBXContainerItemProxy section */

/* Begin PBXFileReference section */
		0F9CA4E857BDA8EC7FF289A8 /* Pods.framework */ = {isa = PBXFileReference; explicitFileType = wrapper.framework; includeInIndex = 0; path = Pods.framework; sourceTree = BUILT_PRODUCTS_DIR; };
		19BE7D1918C09838687DE95A /* Pods.debug.xcconfig */ = {isa = PBXFileReference; includeInIndex = 1; lastKnownFileType = text.xcconfig; name = Pods.debug.xcconfig; path = "Pods/Target Support Files/Pods/Pods.debug.xcconfig"; sourceTree = "<group>"; };
		222AF926DB32389F38B8754F /* Pods.release.xcconfig */ = {isa = PBXFileReference; includeInIndex = 1; lastKnownFileType = text.xcconfig; name = Pods.release.xcconfig; path = "Pods/Target Support Files/Pods/Pods.release.xcconfig"; sourceTree = "<group>"; };
		DD3642601BE12B9D00459853 /* EditSpotViewController.swift */ = {isa = PBXFileReference; fileEncoding = 4; lastKnownFileType = sourcecode.swift; path = EditSpotViewController.swift; sourceTree = "<group>"; };
		DD3642621BE12BA800459853 /* AddImageCameraViewController.swift */ = {isa = PBXFileReference; fileEncoding = 4; lastKnownFileType = sourcecode.swift; path = AddImageCameraViewController.swift; sourceTree = "<group>"; };
		DD484AC11BD5F9F400CC9317 /* SnapSpots.app */ = {isa = PBXFileReference; explicitFileType = wrapper.application; includeInIndex = 0; path = SnapSpots.app; sourceTree = BUILT_PRODUCTS_DIR; };
		DD484AC41BD5F9F400CC9317 /* AppDelegate.swift */ = {isa = PBXFileReference; lastKnownFileType = sourcecode.swift; path = AppDelegate.swift; sourceTree = "<group>"; };
		DD484AC61BD5F9F400CC9317 /* ViewController.swift */ = {isa = PBXFileReference; lastKnownFileType = sourcecode.swift; path = ViewController.swift; sourceTree = "<group>"; };
		DD484ACB1BD5F9F400CC9317 /* Assets.xcassets */ = {isa = PBXFileReference; lastKnownFileType = folder.assetcatalog; path = Assets.xcassets; sourceTree = "<group>"; };
		DD484ACE1BD5F9F400CC9317 /* Base */ = {isa = PBXFileReference; lastKnownFileType = file.storyboard; name = Base; path = Base.lproj/LaunchScreen.storyboard; sourceTree = "<group>"; };
		DD484AD01BD5F9F400CC9317 /* Info.plist */ = {isa = PBXFileReference; lastKnownFileType = text.plist.xml; path = Info.plist; sourceTree = "<group>"; };
		DD484AD51BD5F9F400CC9317 /* SnapSpotsTests.xctest */ = {isa = PBXFileReference; explicitFileType = wrapper.cfbundle; includeInIndex = 0; path = SnapSpotsTests.xctest; sourceTree = BUILT_PRODUCTS_DIR; };
		DD484AD91BD5F9F400CC9317 /* SnapSpotsTests.swift */ = {isa = PBXFileReference; lastKnownFileType = sourcecode.swift; path = SnapSpotsTests.swift; sourceTree = "<group>"; };
		DD484ADB1BD5F9F400CC9317 /* Info.plist */ = {isa = PBXFileReference; lastKnownFileType = text.plist.xml; path = Info.plist; sourceTree = "<group>"; };
		DD484AE01BD5F9F400CC9317 /* SnapSpotsUITests.xctest */ = {isa = PBXFileReference; explicitFileType = wrapper.cfbundle; includeInIndex = 0; path = SnapSpotsUITests.xctest; sourceTree = BUILT_PRODUCTS_DIR; };
		DD484AE41BD5F9F400CC9317 /* SnapSpotsUITests.swift */ = {isa = PBXFileReference; lastKnownFileType = sourcecode.swift; path = SnapSpotsUITests.swift; sourceTree = "<group>"; };
		DD484AE61BD5F9F400CC9317 /* Info.plist */ = {isa = PBXFileReference; lastKnownFileType = text.plist.xml; path = Info.plist; sourceTree = "<group>"; };
		DD484B0A1BD5FDEC00CC9317 /* CoreLocation.framework */ = {isa = PBXFileReference; lastKnownFileType = wrapper.framework; name = CoreLocation.framework; path = System/Library/Frameworks/CoreLocation.framework; sourceTree = SDKROOT; };
		DD484B0C1BD5FDF200CC9317 /* AVFoundation.framework */ = {isa = PBXFileReference; lastKnownFileType = wrapper.framework; name = AVFoundation.framework; path = System/Library/Frameworks/AVFoundation.framework; sourceTree = SDKROOT; };
		DD484B0E1BD5FF4100CC9317 /* CoreLocationController.swift */ = {isa = PBXFileReference; fileEncoding = 4; lastKnownFileType = sourcecode.swift; path = CoreLocationController.swift; sourceTree = "<group>"; };
		DD484B101BD5FF5300CC9317 /* ImageTransformationUtil.swift */ = {isa = PBXFileReference; fileEncoding = 4; lastKnownFileType = sourcecode.swift; path = ImageTransformationUtil.swift; sourceTree = "<group>"; };
		DD484B111BD5FF5300CC9317 /* LocationUtil.swift */ = {isa = PBXFileReference; fileEncoding = 4; lastKnownFileType = sourcecode.swift; path = LocationUtil.swift; sourceTree = "<group>"; };
		DD484B121BD5FF5300CC9317 /* EditSpotUtil.swift */ = {isa = PBXFileReference; fileEncoding = 4; lastKnownFileType = sourcecode.swift; path = EditSpotUtil.swift; sourceTree = "<group>"; };
		DD484B161BD5FF5A00CC9317 /* SpotComponents.swift */ = {isa = PBXFileReference; fileEncoding = 4; lastKnownFileType = sourcecode.swift; path = SpotComponents.swift; sourceTree = "<group>"; };
		DD484B171BD5FF5A00CC9317 /* Globals.swift */ = {isa = PBXFileReference; fileEncoding = 4; lastKnownFileType = sourcecode.swift; path = Globals.swift; sourceTree = "<group>"; };
		DD484B1A1BD5FF6100CC9317 /* UITextField+Extension.swift */ = {isa = PBXFileReference; fileEncoding = 4; lastKnownFileType = sourcecode.swift; path = "UITextField+Extension.swift"; sourceTree = "<group>"; };
		DD484B1B1BD5FF6100CC9317 /* UIView+Extension.swift */ = {isa = PBXFileReference; fileEncoding = 4; lastKnownFileType = sourcecode.swift; path = "UIView+Extension.swift"; sourceTree = "<group>"; };
		DD484B1E1BD5FFB000CC9317 /* Main.storyboard */ = {isa = PBXFileReference; fileEncoding = 4; lastKnownFileType = file.storyboard; path = Main.storyboard; sourceTree = "<group>"; };
		DD484B1F1BD5FFB000CC9317 /* Settings.storyboard */ = {isa = PBXFileReference; fileEncoding = 4; lastKnownFileType = file.storyboard; path = Settings.storyboard; sourceTree = "<group>"; };
		DD484B241BD6024D00CC9317 /* SignUpViewController.swift */ = {isa = PBXFileReference; fileEncoding = 4; lastKnownFileType = sourcecode.swift; path = SignUpViewController.swift; sourceTree = "<group>"; };
		DD484B251BD6024D00CC9317 /* SettingsTableViewController.swift */ = {isa = PBXFileReference; fileEncoding = 4; lastKnownFileType = sourcecode.swift; path = SettingsTableViewController.swift; sourceTree = "<group>"; };
		DD484B261BD6024D00CC9317 /* AccountSettingsTableViewController.swift */ = {isa = PBXFileReference; fileEncoding = 4; lastKnownFileType = sourcecode.swift; path = AccountSettingsTableViewController.swift; sourceTree = "<group>"; };
		DD484B271BD6024D00CC9317 /* CameraViewController.swift */ = {isa = PBXFileReference; fileEncoding = 4; lastKnownFileType = sourcecode.swift; path = CameraViewController.swift; sourceTree = "<group>"; };
		DD484B281BD6024D00CC9317 /* DebugImagesTableViewController.swift */ = {isa = PBXFileReference; fileEncoding = 4; lastKnownFileType = sourcecode.swift; path = DebugImagesTableViewController.swift; sourceTree = "<group>"; };
		DD484B291BD6024D00CC9317 /* ListSpotsViewController.swift */ = {isa = PBXFileReference; fileEncoding = 4; lastKnownFileType = sourcecode.swift; path = ListSpotsViewController.swift; sourceTree = "<group>"; };
		DD484B2A1BD6024D00CC9317 /* ListSpotsCollectionViewController.swift */ = {isa = PBXFileReference; fileEncoding = 4; lastKnownFileType = sourcecode.swift; path = ListSpotsCollectionViewController.swift; sourceTree = "<group>"; };
		DD484B2B1BD6024D00CC9317 /* ListSpotsTableViewController.swift */ = {isa = PBXFileReference; fileEncoding = 4; lastKnownFileType = sourcecode.swift; path = ListSpotsTableViewController.swift; sourceTree = "<group>"; };
		DD484B2C1BD6024D00CC9317 /* ListSpotsMapViewController.swift */ = {isa = PBXFileReference; fileEncoding = 4; lastKnownFileType = sourcecode.swift; path = ListSpotsMapViewController.swift; sourceTree = "<group>"; };
		DD484B2D1BD6024D00CC9317 /* ViewSpotViewController.swift */ = {isa = PBXFileReference; fileEncoding = 4; lastKnownFileType = sourcecode.swift; path = ViewSpotViewController.swift; sourceTree = "<group>"; };
		DD484B2E1BD6024D00CC9317 /* FilterSpotsTableViewController.swift */ = {isa = PBXFileReference; fileEncoding = 4; lastKnownFileType = sourcecode.swift; path = FilterSpotsTableViewController.swift; sourceTree = "<group>"; };
		DD484B3C1BD6026200CC9317 /* back@2x.png */ = {isa = PBXFileReference; lastKnownFileType = image.png; path = "back@2x.png"; sourceTree = "<group>"; };
		DD484B3D1BD6026200CC9317 /* back@3x.png */ = {isa = PBXFileReference; lastKnownFileType = image.png; path = "back@3x.png"; sourceTree = "<group>"; };
		DD484B3E1BD6026200CC9317 /* cameraroll-picker-grip@2x.png */ = {isa = PBXFileReference; lastKnownFileType = image.png; path = "cameraroll-picker-grip@2x.png"; sourceTree = "<group>"; };
		DD484B3F1BD6026200CC9317 /* cameraroll-picker-grip@3x.png */ = {isa = PBXFileReference; lastKnownFileType = image.png; path = "cameraroll-picker-grip@3x.png"; sourceTree = "<group>"; };
		DD484B401BD6026200CC9317 /* straighten-grid@2x.png */ = {isa = PBXFileReference; lastKnownFileType = image.png; path = "straighten-grid@2x.png"; sourceTree = "<group>"; };
		DD484B411BD6026200CC9317 /* straighten-grid@3x.png */ = {isa = PBXFileReference; lastKnownFileType = image.png; path = "straighten-grid@3x.png"; sourceTree = "<group>"; };
		DD484B421BD6026200CC9317 /* TWImageScrollView.h */ = {isa = PBXFileReference; fileEncoding = 4; lastKnownFileType = sourcecode.c.h; path = TWImageScrollView.h; sourceTree = "<group>"; };
		DD484B431BD6026200CC9317 /* TWImageScrollView.m */ = {isa = PBXFileReference; fileEncoding = 4; lastKnownFileType = sourcecode.c.objc; path = TWImageScrollView.m; sourceTree = "<group>"; };
		DD484B441BD6026200CC9317 /* TWPhoto.h */ = {isa = PBXFileReference; fileEncoding = 4; lastKnownFileType = sourcecode.c.h; path = TWPhoto.h; sourceTree = "<group>"; };
		DD484B451BD6026200CC9317 /* TWPhoto.m */ = {isa = PBXFileReference; fileEncoding = 4; lastKnownFileType = sourcecode.c.objc; path = TWPhoto.m; sourceTree = "<group>"; };
		DD484B461BD6026200CC9317 /* TWPhotoCollectionViewCell.h */ = {isa = PBXFileReference; fileEncoding = 4; lastKnownFileType = sourcecode.c.h; path = TWPhotoCollectionViewCell.h; sourceTree = "<group>"; };
		DD484B471BD6026200CC9317 /* TWPhotoCollectionViewCell.m */ = {isa = PBXFileReference; fileEncoding = 4; lastKnownFileType = sourcecode.c.objc; path = TWPhotoCollectionViewCell.m; sourceTree = "<group>"; };
		DD484B481BD6026200CC9317 /* TWPhotoLoader.h */ = {isa = PBXFileReference; fileEncoding = 4; lastKnownFileType = sourcecode.c.h; path = TWPhotoLoader.h; sourceTree = "<group>"; };
		DD484B491BD6026200CC9317 /* TWPhotoLoader.m */ = {isa = PBXFileReference; fileEncoding = 4; lastKnownFileType = sourcecode.c.objc; path = TWPhotoLoader.m; sourceTree = "<group>"; };
		DD484B4A1BD6026200CC9317 /* TWPhotoPickerController.h */ = {isa = PBXFileReference; fileEncoding = 4; lastKnownFileType = sourcecode.c.h; path = TWPhotoPickerController.h; sourceTree = "<group>"; };
		DD484B4B1BD6026200CC9317 /* TWPhotoPickerController.m */ = {isa = PBXFileReference; fileEncoding = 4; lastKnownFileType = sourcecode.c.objc; path = TWPhotoPickerController.m; sourceTree = "<group>"; };
		DD484B5D1BD602CA00CC9317 /* LocationSearchCell.swift */ = {isa = PBXFileReference; fileEncoding = 4; lastKnownFileType = sourcecode.swift; path = LocationSearchCell.swift; sourceTree = "<group>"; };
		DD484B5E1BD602CA00CC9317 /* GooglePlacesAutocomplete.swift */ = {isa = PBXFileReference; fileEncoding = 4; lastKnownFileType = sourcecode.swift; path = GooglePlacesAutocomplete.swift; sourceTree = "<group>"; };
		DD484B5F1BD602CA00CC9317 /* GooglePlacesAutocomplete.xib */ = {isa = PBXFileReference; fileEncoding = 4; lastKnownFileType = file.xib; path = GooglePlacesAutocomplete.xib; sourceTree = "<group>"; };
		DD484B631BD602F600CC9317 /* ButtonIconRight.swift */ = {isa = PBXFileReference; fileEncoding = 4; lastKnownFileType = sourcecode.swift; path = ButtonIconRight.swift; sourceTree = "<group>"; };
		DD484B641BD602F600CC9317 /* CameraView.swift */ = {isa = PBXFileReference; fileEncoding = 4; lastKnownFileType = sourcecode.swift; path = CameraView.swift; sourceTree = "<group>"; };
		DD484B651BD602F600CC9317 /* CameraView.xib */ = {isa = PBXFileReference; fileEncoding = 4; lastKnownFileType = file.xib; path = CameraView.xib; sourceTree = "<group>"; };
		DD484B661BD602F600CC9317 /* DebugImagesTableViewCell.swift */ = {isa = PBXFileReference; fileEncoding = 4; lastKnownFileType = sourcecode.swift; path = DebugImagesTableViewCell.swift; sourceTree = "<group>"; };
		DD484B671BD602F600CC9317 /* ImageScrollView.swift */ = {isa = PBXFileReference; fileEncoding = 4; lastKnownFileType = sourcecode.swift; path = ImageScrollView.swift; sourceTree = "<group>"; };
		DD484B681BD602F600CC9317 /* SetupViewSpotVC.swift */ = {isa = PBXFileReference; fileEncoding = 4; lastKnownFileType = sourcecode.swift; path = SetupViewSpotVC.swift; sourceTree = "<group>"; };
		DD484B691BD602F600CC9317 /* SpotCollectionCell.swift */ = {isa = PBXFileReference; fileEncoding = 4; lastKnownFileType = sourcecode.swift; path = SpotCollectionCell.swift; sourceTree = "<group>"; };
		DD484B6A1BD602F600CC9317 /* CAPSPageMenu.swift */ = {isa = PBXFileReference; fileEncoding = 4; lastKnownFileType = sourcecode.swift; path = CAPSPageMenu.swift; sourceTree = "<group>"; };
		DD484B6B1BD602F600CC9317 /* StringAndImageBarButtonItem.swift */ = {isa = PBXFileReference; fileEncoding = 4; lastKnownFileType = sourcecode.swift; path = StringAndImageBarButtonItem.swift; sourceTree = "<group>"; };
		DD484B761BD6037A00CC9317 /* Bridging-Header.h */ = {isa = PBXFileReference; lastKnownFileType = sourcecode.c.h; path = "Bridging-Header.h"; sourceTree = "<group>"; };
		DD484BB51BD74E3200CC9317 /* ImageFileController.swift */ = {isa = PBXFileReference; fileEncoding = 4; lastKnownFileType = sourcecode.swift; path = ImageFileController.swift; sourceTree = "<group>"; };
		DD90BFAF1C0073CB006308B0 /* SaveSpotTableViewController.swift */ = {isa = PBXFileReference; fileEncoding = 4; lastKnownFileType = sourcecode.swift; path = SaveSpotTableViewController.swift; sourceTree = "<group>"; };
		DDCE55CF1BF58F76003EE4DB /* LoginTextField.swift */ = {isa = PBXFileReference; fileEncoding = 4; lastKnownFileType = sourcecode.swift; path = LoginTextField.swift; sourceTree = "<group>"; };
		DDCE55D11BF5ADA2003EE4DB /* SignInViewController.swift */ = {isa = PBXFileReference; fileEncoding = 4; lastKnownFileType = sourcecode.swift; path = SignInViewController.swift; sourceTree = "<group>"; };
/* End PBXFileReference section */

/* Begin PBXFrameworksBuildPhase section */
		DD484ABE1BD5F9F400CC9317 /* Frameworks */ = {
			isa = PBXFrameworksBuildPhase;
			buildActionMask = 2147483647;
			files = (
				DD484B0D1BD5FDF200CC9317 /* AVFoundation.framework in Frameworks */,
				DD484B0B1BD5FDEC00CC9317 /* CoreLocation.framework in Frameworks */,
				8A2DD310FAE15F6C0FDE9050 /* Pods.framework in Frameworks */,
			);
			runOnlyForDeploymentPostprocessing = 0;
		};
		DD484AD21BD5F9F400CC9317 /* Frameworks */ = {
			isa = PBXFrameworksBuildPhase;
			buildActionMask = 2147483647;
			files = (
			);
			runOnlyForDeploymentPostprocessing = 0;
		};
		DD484ADD1BD5F9F400CC9317 /* Frameworks */ = {
			isa = PBXFrameworksBuildPhase;
			buildActionMask = 2147483647;
			files = (
			);
			runOnlyForDeploymentPostprocessing = 0;
		};
/* End PBXFrameworksBuildPhase section */

/* Begin PBXGroup section */
		9E6BABF6F1AFD78B31DCD49E /* Frameworks */ = {
			isa = PBXGroup;
			children = (
				DD484B0C1BD5FDF200CC9317 /* AVFoundation.framework */,
				DD484B0A1BD5FDEC00CC9317 /* CoreLocation.framework */,
				0F9CA4E857BDA8EC7FF289A8 /* Pods.framework */,
			);
			name = Frameworks;
			sourceTree = "<group>";
		};
		D4E8DF9CB2665C6FB2096B47 /* Pods */ = {
			isa = PBXGroup;
			children = (
				19BE7D1918C09838687DE95A /* Pods.debug.xcconfig */,
				222AF926DB32389F38B8754F /* Pods.release.xcconfig */,
			);
			name = Pods;
			sourceTree = "<group>";
		};
		DD484AB81BD5F9F400CC9317 = {
			isa = PBXGroup;
			children = (
				DD484AC31BD5F9F400CC9317 /* SnapSpots */,
				DD484AD81BD5F9F400CC9317 /* SnapSpotsTests */,
				DD484AE31BD5F9F400CC9317 /* SnapSpotsUITests */,
				DD484AC21BD5F9F400CC9317 /* Products */,
				D4E8DF9CB2665C6FB2096B47 /* Pods */,
				9E6BABF6F1AFD78B31DCD49E /* Frameworks */,
			);
			sourceTree = "<group>";
		};
		DD484AC21BD5F9F400CC9317 /* Products */ = {
			isa = PBXGroup;
			children = (
				DD484AC11BD5F9F400CC9317 /* SnapSpots.app */,
				DD484AD51BD5F9F400CC9317 /* SnapSpotsTests.xctest */,
				DD484AE01BD5F9F400CC9317 /* SnapSpotsUITests.xctest */,
			);
			name = Products;
			sourceTree = "<group>";
		};
		DD484AC31BD5F9F400CC9317 /* SnapSpots */ = {
			isa = PBXGroup;
			children = (
				DD484B1E1BD5FFB000CC9317 /* Main.storyboard */,
				DD484B1F1BD5FFB000CC9317 /* Settings.storyboard */,
				DD484AC41BD5F9F400CC9317 /* AppDelegate.swift */,
				DD484B171BD5FF5A00CC9317 /* Globals.swift */,
				DD484AF61BD5FBE800CC9317 /* Controller */,
				DD484AF91BD5FC2A00CC9317 /* Utils */,
				DD484AFA1BD5FC3600CC9317 /* Model */,
				DD484AFB1BD5FC3E00CC9317 /* Extensions */,
				DD484B221BD6000F00CC9317 /* Views */,
				DD484B231BD6001500CC9317 /* ViewControllers */,
				DD484B751BD6035300CC9317 /* SupportingFiles */,
				DD484ACD1BD5F9F400CC9317 /* LaunchScreen.storyboard */,
				DD484ACB1BD5F9F400CC9317 /* Assets.xcassets */,
				DD484AD01BD5F9F400CC9317 /* Info.plist */,
			);
			path = SnapSpots;
			sourceTree = "<group>";
		};
		DD484AD81BD5F9F400CC9317 /* SnapSpotsTests */ = {
			isa = PBXGroup;
			children = (
				DD484AD91BD5F9F400CC9317 /* SnapSpotsTests.swift */,
				DD484ADB1BD5F9F400CC9317 /* Info.plist */,
			);
			path = SnapSpotsTests;
			sourceTree = "<group>";
		};
		DD484AE31BD5F9F400CC9317 /* SnapSpotsUITests */ = {
			isa = PBXGroup;
			children = (
				DD484AE41BD5F9F400CC9317 /* SnapSpotsUITests.swift */,
				DD484AE61BD5F9F400CC9317 /* Info.plist */,
			);
			path = SnapSpotsUITests;
			sourceTree = "<group>";
		};
		DD484AF61BD5FBE800CC9317 /* Controller */ = {
			isa = PBXGroup;
			children = (
				DD484B0E1BD5FF4100CC9317 /* CoreLocationController.swift */,
				DD484BB51BD74E3200CC9317 /* ImageFileController.swift */,
			);
			name = Controller;
			sourceTree = "<group>";
		};
		DD484AF91BD5FC2A00CC9317 /* Utils */ = {
			isa = PBXGroup;
			children = (
				DD484B101BD5FF5300CC9317 /* ImageTransformationUtil.swift */,
				DD484B111BD5FF5300CC9317 /* LocationUtil.swift */,
				DD484B121BD5FF5300CC9317 /* EditSpotUtil.swift */,
			);
			name = Utils;
			sourceTree = "<group>";
		};
		DD484AFA1BD5FC3600CC9317 /* Model */ = {
			isa = PBXGroup;
			children = (
				DD484B161BD5FF5A00CC9317 /* SpotComponents.swift */,
			);
			name = Model;
			sourceTree = "<group>";
		};
		DD484AFB1BD5FC3E00CC9317 /* Extensions */ = {
			isa = PBXGroup;
			children = (
				DD484B1A1BD5FF6100CC9317 /* UITextField+Extension.swift */,
				DD484B1B1BD5FF6100CC9317 /* UIView+Extension.swift */,
			);
			name = Extensions;
			sourceTree = "<group>";
		};
		DD484B221BD6000F00CC9317 /* Views */ = {
			isa = PBXGroup;
			children = (
				DD484B631BD602F600CC9317 /* ButtonIconRight.swift */,
				DD484B641BD602F600CC9317 /* CameraView.swift */,
				DD484B651BD602F600CC9317 /* CameraView.xib */,
				DD484B661BD602F600CC9317 /* DebugImagesTableViewCell.swift */,
				DDCE55CF1BF58F76003EE4DB /* LoginTextField.swift */,
				DD484B671BD602F600CC9317 /* ImageScrollView.swift */,
				DD484B681BD602F600CC9317 /* SetupViewSpotVC.swift */,
				DD484B691BD602F600CC9317 /* SpotCollectionCell.swift */,
				DD484B6A1BD602F600CC9317 /* CAPSPageMenu.swift */,
				DD484B6B1BD602F600CC9317 /* StringAndImageBarButtonItem.swift */,
			);
			name = Views;
			sourceTree = "<group>";
		};
		DD484B231BD6001500CC9317 /* ViewControllers */ = {
			isa = PBXGroup;
			children = (
				DD484AC61BD5F9F400CC9317 /* ViewController.swift */,
				DDCE55D11BF5ADA2003EE4DB /* SignInViewController.swift */,
				DD484B241BD6024D00CC9317 /* SignUpViewController.swift */,
				DD484B251BD6024D00CC9317 /* SettingsTableViewController.swift */,
				DD484B261BD6024D00CC9317 /* AccountSettingsTableViewController.swift */,
				DD484B271BD6024D00CC9317 /* CameraViewController.swift */,
				DD484B281BD6024D00CC9317 /* DebugImagesTableViewController.swift */,
				DD484B291BD6024D00CC9317 /* ListSpotsViewController.swift */,
				DD484B2A1BD6024D00CC9317 /* ListSpotsCollectionViewController.swift */,
				DD484B2B1BD6024D00CC9317 /* ListSpotsTableViewController.swift */,
				DD484B2C1BD6024D00CC9317 /* ListSpotsMapViewController.swift */,
				DD484B2D1BD6024D00CC9317 /* ViewSpotViewController.swift */,
				DD484B2E1BD6024D00CC9317 /* FilterSpotsTableViewController.swift */,
				DD484B3A1BD6026200CC9317 /* TWPhotoPicker */,
				DD484B571BD6027600CC9317 /* EditSpotViewController */,
				DD484B5C1BD602B500CC9317 /* GooglePlacesAutoComplete */,
			);
			name = ViewControllers;
			sourceTree = "<group>";
		};
		DD484B3A1BD6026200CC9317 /* TWPhotoPicker */ = {
			isa = PBXGroup;
			children = (
				DD484B3B1BD6026200CC9317 /* Resources */,
				DD484B421BD6026200CC9317 /* TWImageScrollView.h */,
				DD484B431BD6026200CC9317 /* TWImageScrollView.m */,
				DD484B441BD6026200CC9317 /* TWPhoto.h */,
				DD484B451BD6026200CC9317 /* TWPhoto.m */,
				DD484B461BD6026200CC9317 /* TWPhotoCollectionViewCell.h */,
				DD484B471BD6026200CC9317 /* TWPhotoCollectionViewCell.m */,
				DD484B481BD6026200CC9317 /* TWPhotoLoader.h */,
				DD484B491BD6026200CC9317 /* TWPhotoLoader.m */,
				DD484B4A1BD6026200CC9317 /* TWPhotoPickerController.h */,
				DD484B4B1BD6026200CC9317 /* TWPhotoPickerController.m */,
			);
			path = TWPhotoPicker;
			sourceTree = "<group>";
		};
		DD484B3B1BD6026200CC9317 /* Resources */ = {
			isa = PBXGroup;
			children = (
				DD484B3C1BD6026200CC9317 /* back@2x.png */,
				DD484B3D1BD6026200CC9317 /* back@3x.png */,
				DD484B3E1BD6026200CC9317 /* cameraroll-picker-grip@2x.png */,
				DD484B3F1BD6026200CC9317 /* cameraroll-picker-grip@3x.png */,
				DD484B401BD6026200CC9317 /* straighten-grid@2x.png */,
				DD484B411BD6026200CC9317 /* straighten-grid@3x.png */,
			);
			path = Resources;
			sourceTree = "<group>";
		};
		DD484B571BD6027600CC9317 /* EditSpotViewController */ = {
			isa = PBXGroup;
			children = (
				DD3642601BE12B9D00459853 /* EditSpotViewController.swift */,
				DD90BFAF1C0073CB006308B0 /* SaveSpotTableViewController.swift */,
				DD3642621BE12BA800459853 /* AddImageCameraViewController.swift */,
			);
			name = EditSpotViewController;
			path = TWPhotoPicker;
			sourceTree = "<group>";
		};
		DD484B5C1BD602B500CC9317 /* GooglePlacesAutoComplete */ = {
			isa = PBXGroup;
			children = (
				DD484B5D1BD602CA00CC9317 /* LocationSearchCell.swift */,
				DD484B5E1BD602CA00CC9317 /* GooglePlacesAutocomplete.swift */,
				DD484B5F1BD602CA00CC9317 /* GooglePlacesAutocomplete.xib */,
			);
			name = GooglePlacesAutoComplete;
			sourceTree = "<group>";
		};
		DD484B751BD6035300CC9317 /* SupportingFiles */ = {
			isa = PBXGroup;
			children = (
				DD484B761BD6037A00CC9317 /* Bridging-Header.h */,
			);
			name = SupportingFiles;
			sourceTree = "<group>";
		};
/* End PBXGroup section */

/* Begin PBXNativeTarget section */
		DD484AC01BD5F9F400CC9317 /* SnapSpots */ = {
			isa = PBXNativeTarget;
			buildConfigurationList = DD484AE91BD5F9F400CC9317 /* Build configuration list for PBXNativeTarget "SnapSpots" */;
			buildPhases = (
				34AA409AE8B8722619A5FEA0 /* Check Pods Manifest.lock */,
				DD484ABD1BD5F9F400CC9317 /* Sources */,
				DD484ABE1BD5F9F400CC9317 /* Frameworks */,
				DD484ABF1BD5F9F400CC9317 /* Resources */,
				29686C213E7A512590BA364C /* Embed Pods Frameworks */,
				99090086001EDC6D00319779 /* Copy Pods Resources */,
			);
			buildRules = (
			);
			dependencies = (
			);
			name = SnapSpots;
			productName = SnapSpots;
			productReference = DD484AC11BD5F9F400CC9317 /* SnapSpots.app */;
			productType = "com.apple.product-type.application";
		};
		DD484AD41BD5F9F400CC9317 /* SnapSpotsTests */ = {
			isa = PBXNativeTarget;
			buildConfigurationList = DD484AEC1BD5F9F400CC9317 /* Build configuration list for PBXNativeTarget "SnapSpotsTests" */;
			buildPhases = (
				DD484AD11BD5F9F400CC9317 /* Sources */,
				DD484AD21BD5F9F400CC9317 /* Frameworks */,
				DD484AD31BD5F9F400CC9317 /* Resources */,
			);
			buildRules = (
			);
			dependencies = (
				DD484AD71BD5F9F400CC9317 /* PBXTargetDependency */,
			);
			name = SnapSpotsTests;
			productName = SnapSpotsTests;
			productReference = DD484AD51BD5F9F400CC9317 /* SnapSpotsTests.xctest */;
			productType = "com.apple.product-type.bundle.unit-test";
		};
		DD484ADF1BD5F9F400CC9317 /* SnapSpotsUITests */ = {
			isa = PBXNativeTarget;
			buildConfigurationList = DD484AEF1BD5F9F400CC9317 /* Build configuration list for PBXNativeTarget "SnapSpotsUITests" */;
			buildPhases = (
				DD484ADC1BD5F9F400CC9317 /* Sources */,
				DD484ADD1BD5F9F400CC9317 /* Frameworks */,
				DD484ADE1BD5F9F400CC9317 /* Resources */,
			);
			buildRules = (
			);
			dependencies = (
				DD484AE21BD5F9F400CC9317 /* PBXTargetDependency */,
			);
			name = SnapSpotsUITests;
			productName = SnapSpotsUITests;
			productReference = DD484AE01BD5F9F400CC9317 /* SnapSpotsUITests.xctest */;
			productType = "com.apple.product-type.bundle.ui-testing";
		};
/* End PBXNativeTarget section */

/* Begin PBXProject section */
		DD484AB91BD5F9F400CC9317 /* Project object */ = {
			isa = PBXProject;
			attributes = {
				LastUpgradeCheck = 0700;
				ORGANIZATIONNAME = "Mike Jonas";
				TargetAttributes = {
					DD484AC01BD5F9F400CC9317 = {
						CreatedOnToolsVersion = 7.0.1;
					};
					DD484AD41BD5F9F400CC9317 = {
						CreatedOnToolsVersion = 7.0.1;
						TestTargetID = DD484AC01BD5F9F400CC9317;
					};
					DD484ADF1BD5F9F400CC9317 = {
						CreatedOnToolsVersion = 7.0.1;
						TestTargetID = DD484AC01BD5F9F400CC9317;
					};
				};
			};
			buildConfigurationList = DD484ABC1BD5F9F400CC9317 /* Build configuration list for PBXProject "SnapSpots" */;
			compatibilityVersion = "Xcode 3.2";
			developmentRegion = English;
			hasScannedForEncodings = 0;
			knownRegions = (
				en,
				Base,
			);
			mainGroup = DD484AB81BD5F9F400CC9317;
			productRefGroup = DD484AC21BD5F9F400CC9317 /* Products */;
			projectDirPath = "";
			projectRoot = "";
			targets = (
				DD484AC01BD5F9F400CC9317 /* SnapSpots */,
				DD484AD41BD5F9F400CC9317 /* SnapSpotsTests */,
				DD484ADF1BD5F9F400CC9317 /* SnapSpotsUITests */,
			);
		};
/* End PBXProject section */

/* Begin PBXResourcesBuildPhase section */
		DD484ABF1BD5F9F400CC9317 /* Resources */ = {
			isa = PBXResourcesBuildPhase;
			buildActionMask = 2147483647;
			files = (
				DD484B201BD5FFB000CC9317 /* Main.storyboard in Resources */,
				DD484ACF1BD5F9F400CC9317 /* LaunchScreen.storyboard in Resources */,
				DD484B4D1BD6026200CC9317 /* back@3x.png in Resources */,
				DD484B6E1BD602F600CC9317 /* CameraView.xib in Resources */,
				DD484B621BD602CA00CC9317 /* GooglePlacesAutocomplete.xib in Resources */,
				DD484B4C1BD6026200CC9317 /* back@2x.png in Resources */,
				DD484B4E1BD6026200CC9317 /* cameraroll-picker-grip@2x.png in Resources */,
				DD484ACC1BD5F9F400CC9317 /* Assets.xcassets in Resources */,
				DD484B501BD6026200CC9317 /* straighten-grid@2x.png in Resources */,
				DD484B211BD5FFB000CC9317 /* Settings.storyboard in Resources */,
				DD484B511BD6026200CC9317 /* straighten-grid@3x.png in Resources */,
				DD484B4F1BD6026200CC9317 /* cameraroll-picker-grip@3x.png in Resources */,
			);
			runOnlyForDeploymentPostprocessing = 0;
		};
		DD484AD31BD5F9F400CC9317 /* Resources */ = {
			isa = PBXResourcesBuildPhase;
			buildActionMask = 2147483647;
			files = (
			);
			runOnlyForDeploymentPostprocessing = 0;
		};
		DD484ADE1BD5F9F400CC9317 /* Resources */ = {
			isa = PBXResourcesBuildPhase;
			buildActionMask = 2147483647;
			files = (
			);
			runOnlyForDeploymentPostprocessing = 0;
		};
/* End PBXResourcesBuildPhase section */

/* Begin PBXShellScriptBuildPhase section */
		29686C213E7A512590BA364C /* Embed Pods Frameworks */ = {
			isa = PBXShellScriptBuildPhase;
			buildActionMask = 2147483647;
			files = (
			);
			inputPaths = (
			);
			name = "Embed Pods Frameworks";
			outputPaths = (
			);
			runOnlyForDeploymentPostprocessing = 0;
			shellPath = /bin/sh;
			shellScript = "\"${SRCROOT}/Pods/Target Support Files/Pods/Pods-frameworks.sh\"\n";
			showEnvVarsInLog = 0;
		};
		34AA409AE8B8722619A5FEA0 /* Check Pods Manifest.lock */ = {
			isa = PBXShellScriptBuildPhase;
			buildActionMask = 2147483647;
			files = (
			);
			inputPaths = (
			);
			name = "Check Pods Manifest.lock";
			outputPaths = (
			);
			runOnlyForDeploymentPostprocessing = 0;
			shellPath = /bin/sh;
			shellScript = "diff \"${PODS_ROOT}/../Podfile.lock\" \"${PODS_ROOT}/Manifest.lock\" > /dev/null\nif [[ $? != 0 ]] ; then\n    cat << EOM\nerror: The sandbox is not in sync with the Podfile.lock. Run 'pod install' or update your CocoaPods installation.\nEOM\n    exit 1\nfi\n";
			showEnvVarsInLog = 0;
		};
		99090086001EDC6D00319779 /* Copy Pods Resources */ = {
			isa = PBXShellScriptBuildPhase;
			buildActionMask = 2147483647;
			files = (
			);
			inputPaths = (
			);
			name = "Copy Pods Resources";
			outputPaths = (
			);
			runOnlyForDeploymentPostprocessing = 0;
			shellPath = /bin/sh;
			shellScript = "\"${SRCROOT}/Pods/Target Support Files/Pods/Pods-resources.sh\"\n";
			showEnvVarsInLog = 0;
		};
/* End PBXShellScriptBuildPhase section */

/* Begin PBXSourcesBuildPhase section */
		DD484ABD1BD5F9F400CC9317 /* Sources */ = {
			isa = PBXSourcesBuildPhase;
			buildActionMask = 2147483647;
			files = (
				DD484B611BD602CA00CC9317 /* GooglePlacesAutocomplete.swift in Sources */,
				DD484B2F1BD6024D00CC9317 /* SignUpViewController.swift in Sources */,
				DD484B331BD6024D00CC9317 /* DebugImagesTableViewController.swift in Sources */,
				DD484B1C1BD5FF6100CC9317 /* UITextField+Extension.swift in Sources */,
				DD484B731BD602F600CC9317 /* CAPSPageMenu.swift in Sources */,
				DD484B0F1BD5FF4100CC9317 /* CoreLocationController.swift in Sources */,
				DD3642611BE12B9D00459853 /* EditSpotViewController.swift in Sources */,
				DD484B521BD6026200CC9317 /* TWImageScrollView.m in Sources */,
				DD484AC71BD5F9F400CC9317 /* ViewController.swift in Sources */,
				DDCE55D01BF58F76003EE4DB /* LoginTextField.swift in Sources */,
				DD484B531BD6026200CC9317 /* TWPhoto.m in Sources */,
				DD484B311BD6024D00CC9317 /* AccountSettingsTableViewController.swift in Sources */,
				DD484B391BD6024D00CC9317 /* FilterSpotsTableViewController.swift in Sources */,
				DD484B6C1BD602F600CC9317 /* ButtonIconRight.swift in Sources */,
				DD90BFB01C0073CB006308B0 /* SaveSpotTableViewController.swift in Sources */,
				DD484B371BD6024D00CC9317 /* ListSpotsMapViewController.swift in Sources */,
				DD484B541BD6026200CC9317 /* TWPhotoCollectionViewCell.m in Sources */,
				DD484B381BD6024D00CC9317 /* ViewSpotViewController.swift in Sources */,
				DD484B6D1BD602F600CC9317 /* CameraView.swift in Sources */,
				DD484B141BD5FF5300CC9317 /* LocationUtil.swift in Sources */,
				DD484AC51BD5F9F400CC9317 /* AppDelegate.swift in Sources */,
				DD484B191BD5FF5A00CC9317 /* Globals.swift in Sources */,
				DD484B361BD6024D00CC9317 /* ListSpotsTableViewController.swift in Sources */,
				DD484B181BD5FF5A00CC9317 /* SpotComponents.swift in Sources */,
				DD484B711BD602F600CC9317 /* SetupViewSpotVC.swift in Sources */,
				DD484BB61BD74E3200CC9317 /* ImageFileController.swift in Sources */,
				DD484B561BD6026200CC9317 /* TWPhotoPickerController.m in Sources */,
				DD484B351BD6024D00CC9317 /* ListSpotsCollectionViewController.swift in Sources */,
				DD484B301BD6024D00CC9317 /* SettingsTableViewController.swift in Sources */,
				DD484B131BD5FF5300CC9317 /* ImageTransformationUtil.swift in Sources */,
				DD484B741BD602F600CC9317 /* StringAndImageBarButtonItem.swift in Sources */,
				DD484B341BD6024D00CC9317 /* ListSpotsViewController.swift in Sources */,
				DD484B551BD6026200CC9317 /* TWPhotoLoader.m in Sources */,
				DD484B701BD602F600CC9317 /* ImageScrollView.swift in Sources */,
				DD484B321BD6024D00CC9317 /* CameraViewController.swift in Sources */,
				DD484B1D1BD5FF6100CC9317 /* UIView+Extension.swift in Sources */,
				DD484B6F1BD602F600CC9317 /* DebugImagesTableViewCell.swift in Sources */,
				DDCE55D21BF5ADA2003EE4DB /* SignInViewController.swift in Sources */,
				DD484B721BD602F600CC9317 /* SpotCollectionCell.swift in Sources */,
				DD484B601BD602CA00CC9317 /* LocationSearchCell.swift in Sources */,
				DD3642631BE12BA800459853 /* AddImageCameraViewController.swift in Sources */,
				DD484B151BD5FF5300CC9317 /* EditSpotUtil.swift in Sources */,
			);
			runOnlyForDeploymentPostprocessing = 0;
		};
		DD484AD11BD5F9F400CC9317 /* Sources */ = {
			isa = PBXSourcesBuildPhase;
			buildActionMask = 2147483647;
			files = (
				DD484ADA1BD5F9F400CC9317 /* SnapSpotsTests.swift in Sources */,
			);
			runOnlyForDeploymentPostprocessing = 0;
		};
		DD484ADC1BD5F9F400CC9317 /* Sources */ = {
			isa = PBXSourcesBuildPhase;
			buildActionMask = 2147483647;
			files = (
				DD484AE51BD5F9F400CC9317 /* SnapSpotsUITests.swift in Sources */,
			);
			runOnlyForDeploymentPostprocessing = 0;
		};
/* End PBXSourcesBuildPhase section */

/* Begin PBXTargetDependency section */
		DD484AD71BD5F9F400CC9317 /* PBXTargetDependency */ = {
			isa = PBXTargetDependency;
			target = DD484AC01BD5F9F400CC9317 /* SnapSpots */;
			targetProxy = DD484AD61BD5F9F400CC9317 /* PBXContainerItemProxy */;
		};
		DD484AE21BD5F9F400CC9317 /* PBXTargetDependency */ = {
			isa = PBXTargetDependency;
			target = DD484AC01BD5F9F400CC9317 /* SnapSpots */;
			targetProxy = DD484AE11BD5F9F400CC9317 /* PBXContainerItemProxy */;
		};
/* End PBXTargetDependency section */

/* Begin PBXVariantGroup section */
		DD484ACD1BD5F9F400CC9317 /* LaunchScreen.storyboard */ = {
			isa = PBXVariantGroup;
			children = (
				DD484ACE1BD5F9F400CC9317 /* Base */,
			);
			name = LaunchScreen.storyboard;
			sourceTree = "<group>";
		};
/* End PBXVariantGroup section */

/* Begin XCBuildConfiguration section */
		DD484AE71BD5F9F400CC9317 /* Debug */ = {
			isa = XCBuildConfiguration;
			buildSettings = {
				ALWAYS_SEARCH_USER_PATHS = NO;
				CLANG_CXX_LANGUAGE_STANDARD = "gnu++0x";
				CLANG_CXX_LIBRARY = "libc++";
				CLANG_ENABLE_MODULES = YES;
				CLANG_ENABLE_OBJC_ARC = YES;
				CLANG_WARN_BOOL_CONVERSION = YES;
				CLANG_WARN_CONSTANT_CONVERSION = YES;
				CLANG_WARN_DIRECT_OBJC_ISA_USAGE = YES_ERROR;
				CLANG_WARN_EMPTY_BODY = YES;
				CLANG_WARN_ENUM_CONVERSION = YES;
				CLANG_WARN_INT_CONVERSION = YES;
				CLANG_WARN_OBJC_ROOT_CLASS = YES_ERROR;
				CLANG_WARN_UNREACHABLE_CODE = YES;
				CLANG_WARN__DUPLICATE_METHOD_MATCH = YES;
				"CODE_SIGN_IDENTITY[sdk=iphoneos*]" = "iPhone Developer";
				COPY_PHASE_STRIP = NO;
				DEBUG_INFORMATION_FORMAT = dwarf;
				ENABLE_STRICT_OBJC_MSGSEND = YES;
				ENABLE_TESTABILITY = YES;
				GCC_C_LANGUAGE_STANDARD = gnu99;
				GCC_DYNAMIC_NO_PIC = NO;
				GCC_NO_COMMON_BLOCKS = YES;
				GCC_OPTIMIZATION_LEVEL = 0;
				GCC_PREPROCESSOR_DEFINITIONS = (
					"DEBUG=1",
					"$(inherited)",
				);
				GCC_WARN_64_TO_32_BIT_CONVERSION = YES;
				GCC_WARN_ABOUT_RETURN_TYPE = YES_ERROR;
				GCC_WARN_UNDECLARED_SELECTOR = YES;
				GCC_WARN_UNINITIALIZED_AUTOS = YES_AGGRESSIVE;
				GCC_WARN_UNUSED_FUNCTION = YES;
				GCC_WARN_UNUSED_VARIABLE = YES;
				IPHONEOS_DEPLOYMENT_TARGET = 9.1;
				MTL_ENABLE_DEBUG_INFO = YES;
				ONLY_ACTIVE_ARCH = YES;
				SDKROOT = iphoneos;
				SWIFT_OPTIMIZATION_LEVEL = "-Onone";
			};
			name = Debug;
		};
		DD484AE81BD5F9F400CC9317 /* Release */ = {
			isa = XCBuildConfiguration;
			buildSettings = {
				ALWAYS_SEARCH_USER_PATHS = NO;
				CLANG_CXX_LANGUAGE_STANDARD = "gnu++0x";
				CLANG_CXX_LIBRARY = "libc++";
				CLANG_ENABLE_MODULES = YES;
				CLANG_ENABLE_OBJC_ARC = YES;
				CLANG_WARN_BOOL_CONVERSION = YES;
				CLANG_WARN_CONSTANT_CONVERSION = YES;
				CLANG_WARN_DIRECT_OBJC_ISA_USAGE = YES_ERROR;
				CLANG_WARN_EMPTY_BODY = YES;
				CLANG_WARN_ENUM_CONVERSION = YES;
				CLANG_WARN_INT_CONVERSION = YES;
				CLANG_WARN_OBJC_ROOT_CLASS = YES_ERROR;
				CLANG_WARN_UNREACHABLE_CODE = YES;
				CLANG_WARN__DUPLICATE_METHOD_MATCH = YES;
				"CODE_SIGN_IDENTITY[sdk=iphoneos*]" = "iPhone Developer";
				COPY_PHASE_STRIP = NO;
				DEBUG_INFORMATION_FORMAT = "dwarf-with-dsym";
				ENABLE_NS_ASSERTIONS = NO;
				ENABLE_STRICT_OBJC_MSGSEND = YES;
				GCC_C_LANGUAGE_STANDARD = gnu99;
				GCC_NO_COMMON_BLOCKS = YES;
				GCC_WARN_64_TO_32_BIT_CONVERSION = YES;
				GCC_WARN_ABOUT_RETURN_TYPE = YES_ERROR;
				GCC_WARN_UNDECLARED_SELECTOR = YES;
				GCC_WARN_UNINITIALIZED_AUTOS = YES_AGGRESSIVE;
				GCC_WARN_UNUSED_FUNCTION = YES;
				GCC_WARN_UNUSED_VARIABLE = YES;
				IPHONEOS_DEPLOYMENT_TARGET = 9.1;
				MTL_ENABLE_DEBUG_INFO = NO;
				SDKROOT = iphoneos;
				VALIDATE_PRODUCT = YES;
			};
			name = Release;
		};
		DD484AEA1BD5F9F400CC9317 /* Debug */ = {
			isa = XCBuildConfiguration;
			baseConfigurationReference = 19BE7D1918C09838687DE95A /* Pods.debug.xcconfig */;
			buildSettings = {
				ASSETCATALOG_COMPILER_APPICON_NAME = AppIcon;
				ENABLE_BITCODE = NO;
				INFOPLIST_FILE = SnapSpots/Info.plist;
				LD_RUNPATH_SEARCH_PATHS = "$(inherited) @executable_path/Frameworks";
				PRODUCT_BUNDLE_IDENTIFIER = com.mikejonas.SnapSpots;
				PRODUCT_NAME = "$(TARGET_NAME)";
				SWIFT_OBJC_BRIDGING_HEADER = "SnapSpots/Bridging-Header.h";
			};
			name = Debug;
		};
		DD484AEB1BD5F9F400CC9317 /* Release */ = {
			isa = XCBuildConfiguration;
			baseConfigurationReference = 222AF926DB32389F38B8754F /* Pods.release.xcconfig */;
			buildSettings = {
				ASSETCATALOG_COMPILER_APPICON_NAME = AppIcon;
				ENABLE_BITCODE = NO;
				INFOPLIST_FILE = SnapSpots/Info.plist;
				LD_RUNPATH_SEARCH_PATHS = "$(inherited) @executable_path/Frameworks";
				PRODUCT_BUNDLE_IDENTIFIER = com.mikejonas.SnapSpots;
				PRODUCT_NAME = "$(TARGET_NAME)";
				SWIFT_OBJC_BRIDGING_HEADER = "SnapSpots/Bridging-Header.h";
			};
			name = Release;
		};
		DD484AED1BD5F9F400CC9317 /* Debug */ = {
			isa = XCBuildConfiguration;
			buildSettings = {
				BUNDLE_LOADER = "$(TEST_HOST)";
				INFOPLIST_FILE = SnapSpotsTests/Info.plist;
				LD_RUNPATH_SEARCH_PATHS = "$(inherited) @executable_path/Frameworks @loader_path/Frameworks";
				PRODUCT_BUNDLE_IDENTIFIER = com.mikejonas.SnapSpotsTests;
				PRODUCT_NAME = "$(TARGET_NAME)";
				TEST_HOST = "$(BUILT_PRODUCTS_DIR)/SnapSpots.app/SnapSpots";
			};
			name = Debug;
		};
		DD484AEE1BD5F9F400CC9317 /* Release */ = {
			isa = XCBuildConfiguration;
			buildSettings = {
				BUNDLE_LOADER = "$(TEST_HOST)";
				INFOPLIST_FILE = SnapSpotsTests/Info.plist;
				LD_RUNPATH_SEARCH_PATHS = "$(inherited) @executable_path/Frameworks @loader_path/Frameworks";
				PRODUCT_BUNDLE_IDENTIFIER = com.mikejonas.SnapSpotsTests;
				PRODUCT_NAME = "$(TARGET_NAME)";
				TEST_HOST = "$(BUILT_PRODUCTS_DIR)/SnapSpots.app/SnapSpots";
			};
			name = Release;
		};
		DD484AF01BD5F9F400CC9317 /* Debug */ = {
			isa = XCBuildConfiguration;
			buildSettings = {
				INFOPLIST_FILE = SnapSpotsUITests/Info.plist;
				LD_RUNPATH_SEARCH_PATHS = "$(inherited) @executable_path/Frameworks @loader_path/Frameworks";
				PRODUCT_BUNDLE_IDENTIFIER = com.mikejonas.SnapSpotsUITests;
				PRODUCT_NAME = "$(TARGET_NAME)";
				TEST_TARGET_NAME = SnapSpots;
				USES_XCTRUNNER = YES;
			};
			name = Debug;
		};
		DD484AF11BD5F9F400CC9317 /* Release */ = {
			isa = XCBuildConfiguration;
			buildSettings = {
				INFOPLIST_FILE = SnapSpotsUITests/Info.plist;
				LD_RUNPATH_SEARCH_PATHS = "$(inherited) @executable_path/Frameworks @loader_path/Frameworks";
				PRODUCT_BUNDLE_IDENTIFIER = com.mikejonas.SnapSpotsUITests;
				PRODUCT_NAME = "$(TARGET_NAME)";
				TEST_TARGET_NAME = SnapSpots;
				USES_XCTRUNNER = YES;
			};
			name = Release;
		};
/* End XCBuildConfiguration section */

/* Begin XCConfigurationList section */
		DD484ABC1BD5F9F400CC9317 /* Build configuration list for PBXProject "SnapSpots" */ = {
			isa = XCConfigurationList;
			buildConfigurations = (
				DD484AE71BD5F9F400CC9317 /* Debug */,
				DD484AE81BD5F9F400CC9317 /* Release */,
			);
			defaultConfigurationIsVisible = 0;
			defaultConfigurationName = Release;
		};
		DD484AE91BD5F9F400CC9317 /* Build configuration list for PBXNativeTarget "SnapSpots" */ = {
			isa = XCConfigurationList;
			buildConfigurations = (
				DD484AEA1BD5F9F400CC9317 /* Debug */,
				DD484AEB1BD5F9F400CC9317 /* Release */,
			);
			defaultConfigurationIsVisible = 0;
			defaultConfigurationName = Release;
		};
		DD484AEC1BD5F9F400CC9317 /* Build configuration list for PBXNativeTarget "SnapSpotsTests" */ = {
			isa = XCConfigurationList;
			buildConfigurations = (
				DD484AED1BD5F9F400CC9317 /* Debug */,
				DD484AEE1BD5F9F400CC9317 /* Release */,
			);
			defaultConfigurationIsVisible = 0;
			defaultConfigurationName = Release;
		};
		DD484AEF1BD5F9F400CC9317 /* Build configuration list for PBXNativeTarget "SnapSpotsUITests" */ = {
			isa = XCConfigurationList;
			buildConfigurations = (
				DD484AF01BD5F9F400CC9317 /* Debug */,
				DD484AF11BD5F9F400CC9317 /* Release */,
			);
			defaultConfigurationIsVisible = 0;
			defaultConfigurationName = Release;
		};
/* End XCConfigurationList section */
	};
	rootObject = DD484AB91BD5F9F400CC9317 /* Project object */;
}
